
Microsoft Visual Studio Solution File, Format Version 12.00
# Visual Studio Version 16
VisualStudioVersion = 16.0.29509.3
MinimumVisualStudioVersion = 10.0.40219.1
Project("{8BC9CEB8-8B4A-11D0-8D11-00A0C91BC942}") = "SearchWord", "SearchWord\SearchWord.vcxproj", "{09FEF3A7-D1E7-4B25-A6B5-AD6A08D16C55}"
EndProject
Global
	GlobalSection(SolutionConfigurationPlatforms) = preSolution
		Debug|x64 = Debug|x64
		Debug|x86 = Debug|x86
		Release|x64 = Release|x64
		Release|x86 = Release|x86
	EndGlobalSection
	GlobalSection(ProjectConfigurationPlatforms) = postSolution
		{09FEF3A7-D1E7-4B25-A6B5-AD6A08D16C55}.Debug|x64.ActiveCfg = Debug|x64
		{09FEF3A7-D1E7-4B25-A6B5-AD6A08D16C55}.Debug|x64.Build.0 = Debug|x64
		{09FEF3A7-D1E7-4B25-A6B5-AD6A08D16C55}.Debug|x86.ActiveCfg = Debug|Win32
		{09FEF3A7-D1E7-4B25-A6B5-AD6A08D16C55}.Debug|x86.Build.0 = Debug|Win32
		{09FEF3A7-D1E7-4B25-A6B5-AD6A08D16C55}.Release|x64.ActiveCfg = Release|x64
		{09FEF3A7-D1E7-4B25-A6B5-AD6A08D16C55}.Release|x64.Build.0 = Release|x64
		{09FEF3A7-D1E7-4B25-A6B5-AD6A08D16C55}.Release|x86.ActiveCfg = Release|Win32
		{09FEF3A7-D1E7-4B25-A6B5-AD6A08D16C55}.Release|x86.Build.0 = Release|Win32
	EndGlobalSection
	GlobalSection(SolutionProperties) = preSolution
		HideSolutionNode = FALSE
	EndGlobalSection
	GlobalSection(ExtensibilityGlobals) = postSolution
		SolutionGuid = {01524419-77F8-4F02-A6CD-B247B3B1D458}
	EndGlobalSection
EndGlobal
